
Microsoft Visual Studio Solution File, Format Version 12.00
# Visual Studio 14
VisualStudioVersion = 14.0.25420.1
MinimumVisualStudioVersion = 10.0.40219.1
Project("{FAE04EC0-301F-11D3-BF4B-00C04F79EFBC}") = "TaskList.Web", "TaskList\TaskList.Web.csproj", "{376E384B-9791-40C5-A467-F3D0A64DA427}"
EndProject
Project("{2150E333-8FDC-42A3-9474-1A3956D46DE8}") = "tests", "tests", "{B3E22F30-A546-4C24-B09D-A492A913343F}"
EndProject
Project("{2150E333-8FDC-42A3-9474-1A3956D46DE8}") = "src", "src", "{F4CA6E29-079C-4E00-89E4-DC2D9C2F41E7}"
EndProject
Project("{FAE04EC0-301F-11D3-BF4B-00C04F79EFBC}") = "TaskList.Model", "TaskList.Model\TaskList.Model.csproj", "{B9567404-151E-4DF3-B6A3-518D5D8564F7}"
EndProject
Project("{FAE04EC0-301F-11D3-BF4B-00C04F79EFBC}") = "TaskList.BLL", "TaskList.BLL\TaskList.BLL.csproj", "{100FEA33-0295-42D0-B656-2F73F44B3E86}"
EndProject
Project("{FAE04EC0-301F-11D3-BF4B-00C04F79EFBC}") = "TaskList.DAL", "TaskList.DAL\TaskList.DAL.csproj", "{CB82CEC9-87DA-4513-8379-7A0BF8E898E4}"
EndProject
Project("{FAE04EC0-301F-11D3-BF4B-00C04F79EFBC}") = "TaskList.IOC", "TaskList.IOC\TaskList.IOC.csproj", "{62B27CB2-4E7C-47C8-A8B6-6C1AC0BDC95E}"
EndProject
Project("{FAE04EC0-301F-11D3-BF4B-00C04F79EFBC}") = "TaskList.BLL.Tests", "TaskList.BLL.Tests\TaskList.BLL.Tests.csproj", "{7A9ED0AD-C9F6-4E86-9B61-F83291C7F8E8}"
EndProject
Global
	GlobalSection(SolutionConfigurationPlatforms) = preSolution
		Debug|Any CPU = Debug|Any CPU
		Release|Any CPU = Release|Any CPU
	EndGlobalSection
	GlobalSection(ProjectConfigurationPlatforms) = postSolution
		{376E384B-9791-40C5-A467-F3D0A64DA427}.Debug|Any CPU.ActiveCfg = Debug|Any CPU
		{376E384B-9791-40C5-A467-F3D0A64DA427}.Debug|Any CPU.Build.0 = Debug|Any CPU
		{376E384B-9791-40C5-A467-F3D0A64DA427}.Release|Any CPU.ActiveCfg = Release|Any CPU
		{376E384B-9791-40C5-A467-F3D0A64DA427}.Release|Any CPU.Build.0 = Release|Any CPU
		{B9567404-151E-4DF3-B6A3-518D5D8564F7}.Debug|Any CPU.ActiveCfg = Debug|Any CPU
		{B9567404-151E-4DF3-B6A3-518D5D8564F7}.Debug|Any CPU.Build.0 = Debug|Any CPU
		{B9567404-151E-4DF3-B6A3-518D5D8564F7}.Release|Any CPU.ActiveCfg = Release|Any CPU
		{B9567404-151E-4DF3-B6A3-518D5D8564F7}.Release|Any CPU.Build.0 = Release|Any CPU
		{100FEA33-0295-42D0-B656-2F73F44B3E86}.Debug|Any CPU.ActiveCfg = Debug|Any CPU
		{100FEA33-0295-42D0-B656-2F73F44B3E86}.Debug|Any CPU.Build.0 = Debug|Any CPU
		{100FEA33-0295-42D0-B656-2F73F44B3E86}.Release|Any CPU.ActiveCfg = Release|Any CPU
		{100FEA33-0295-42D0-B656-2F73F44B3E86}.Release|Any CPU.Build.0 = Release|Any CPU
		{CB82CEC9-87DA-4513-8379-7A0BF8E898E4}.Debug|Any CPU.ActiveCfg = Debug|Any CPU
		{CB82CEC9-87DA-4513-8379-7A0BF8E898E4}.Debug|Any CPU.Build.0 = Debug|Any CPU
		{CB82CEC9-87DA-4513-8379-7A0BF8E898E4}.Release|Any CPU.ActiveCfg = Release|Any CPU
		{CB82CEC9-87DA-4513-8379-7A0BF8E898E4}.Release|Any CPU.Build.0 = Release|Any CPU
		{62B27CB2-4E7C-47C8-A8B6-6C1AC0BDC95E}.Debug|Any CPU.ActiveCfg = Debug|Any CPU
		{62B27CB2-4E7C-47C8-A8B6-6C1AC0BDC95E}.Debug|Any CPU.Build.0 = Debug|Any CPU
		{62B27CB2-4E7C-47C8-A8B6-6C1AC0BDC95E}.Release|Any CPU.ActiveCfg = Release|Any CPU
		{62B27CB2-4E7C-47C8-A8B6-6C1AC0BDC95E}.Release|Any CPU.Build.0 = Release|Any CPU
		{7A9ED0AD-C9F6-4E86-9B61-F83291C7F8E8}.Debug|Any CPU.ActiveCfg = Debug|Any CPU
		{7A9ED0AD-C9F6-4E86-9B61-F83291C7F8E8}.Debug|Any CPU.Build.0 = Debug|Any CPU
		{7A9ED0AD-C9F6-4E86-9B61-F83291C7F8E8}.Release|Any CPU.ActiveCfg = Release|Any CPU
		{7A9ED0AD-C9F6-4E86-9B61-F83291C7F8E8}.Release|Any CPU.Build.0 = Release|Any CPU
	EndGlobalSection
	GlobalSection(SolutionProperties) = preSolution
		HideSolutionNode = FALSE
	EndGlobalSection
	GlobalSection(NestedProjects) = preSolution
		{376E384B-9791-40C5-A467-F3D0A64DA427} = {F4CA6E29-079C-4E00-89E4-DC2D9C2F41E7}
		{B9567404-151E-4DF3-B6A3-518D5D8564F7} = {F4CA6E29-079C-4E00-89E4-DC2D9C2F41E7}
		{100FEA33-0295-42D0-B656-2F73F44B3E86} = {F4CA6E29-079C-4E00-89E4-DC2D9C2F41E7}
		{CB82CEC9-87DA-4513-8379-7A0BF8E898E4} = {F4CA6E29-079C-4E00-89E4-DC2D9C2F41E7}
		{62B27CB2-4E7C-47C8-A8B6-6C1AC0BDC95E} = {F4CA6E29-079C-4E00-89E4-DC2D9C2F41E7}
		{7A9ED0AD-C9F6-4E86-9B61-F83291C7F8E8} = {B3E22F30-A546-4C24-B09D-A492A913343F}
	EndGlobalSection
EndGlobal
